
Microsoft Visual Studio Solution File, Format Version 12.00
# Visual Studio Version 17
VisualStudioVersion = 17.0.31903.59
MinimumVisualStudioVersion = 10.0.40219.1
Project("{2150E333-8FDC-42A3-9474-1A3956D46DE8}") = "src", "src", "{9721AC27-44BF-4FF5-BDA9-AB72C0B84D74}"
EndProject
Project("{FAE04EC0-301F-11D3-BF4B-00C04F79EFBC}") = "TestHarness.Console", "src\TestHarness.Console\TestHarness.Console.csproj", "{B0BEFE8A-76B2-40DC-A4F3-BCFE7E978512}"
EndProject
Project("{FAE04EC0-301F-11D3-BF4B-00C04F79EFBC}") = "FluentNorthwind.Lib", "src\FluentNorthwind.Lib\FluentNorthwind.Lib.csproj", "{B3960936-D7E9-4021-83CE-5859BD66632A}"
EndProject
Global
	GlobalSection(SolutionConfigurationPlatforms) = preSolution
		Debug|Any CPU = Debug|Any CPU
		Release|Any CPU = Release|Any CPU
	EndGlobalSection
	GlobalSection(SolutionProperties) = preSolution
		HideSolutionNode = FALSE
	EndGlobalSection
	GlobalSection(ProjectConfigurationPlatforms) = postSolution
		{B0BEFE8A-76B2-40DC-A4F3-BCFE7E978512}.Debug|Any CPU.ActiveCfg = Debug|Any CPU
		{B0BEFE8A-76B2-40DC-A4F3-BCFE7E978512}.Debug|Any CPU.Build.0 = Debug|Any CPU
		{B0BEFE8A-76B2-40DC-A4F3-BCFE7E978512}.Release|Any CPU.ActiveCfg = Release|Any CPU
		{B0BEFE8A-76B2-40DC-A4F3-BCFE7E978512}.Release|Any CPU.Build.0 = Release|Any CPU
		{B3960936-D7E9-4021-83CE-5859BD66632A}.Debug|Any CPU.ActiveCfg = Debug|Any CPU
		{B3960936-D7E9-4021-83CE-5859BD66632A}.Debug|Any CPU.Build.0 = Debug|Any CPU
		{B3960936-D7E9-4021-83CE-5859BD66632A}.Release|Any CPU.ActiveCfg = Release|Any CPU
		{B3960936-D7E9-4021-83CE-5859BD66632A}.Release|Any CPU.Build.0 = Release|Any CPU
	EndGlobalSection
	GlobalSection(NestedProjects) = preSolution
		{B0BEFE8A-76B2-40DC-A4F3-BCFE7E978512} = {9721AC27-44BF-4FF5-BDA9-AB72C0B84D74}
		{B3960936-D7E9-4021-83CE-5859BD66632A} = {9721AC27-44BF-4FF5-BDA9-AB72C0B84D74}
	EndGlobalSection
EndGlobal
